
Microsoft Visual Studio Solution File, Format Version 12.00
# Visual Studio Version 17
VisualStudioVersion = 17.14.36511.14
MinimumVisualStudioVersion = 10.0.40219.1
Project("{2150E333-8FDC-42A3-9474-1A3956D46DE8}") = "src", "src", "{02EA681E-C7D8-13C7-8484-4AC65E1B71E8}"
EndProject
Project("{FAE04EC0-301F-11D3-BF4B-00C04F79EFBC}") = "Play.Catalog.Service", "Play.Catalog.Service\Play.Catalog.Service.csproj", "{DFC7539E-C58A-4AAB-99BB-5E1B10B19F34}"
EndProject
Project("{FAE04EC0-301F-11D3-BF4B-00C04F79EFBC}") = "Play.Common", "Play.Common\Play.Common.csproj", "{CA110967-D6C2-42D4-84ED-EDEFB8B726ED}"
EndProject
Project("{FAE04EC0-301F-11D3-BF4B-00C04F79EFBC}") = "Play.Inventory.Service", "Play.Inventory.Service\Play.Inventory.Service.csproj", "{18CB62A3-5E88-4F9C-93C5-C33EE4A18354}"
EndProject
Project("{2150E333-8FDC-42A3-9474-1A3956D46DE8}") = "Play.Catalog", "Play.Catalog", "{8071D8CF-C83B-4090-B754-D2823AA2A88F}"
EndProject
Project("{2150E333-8FDC-42A3-9474-1A3956D46DE8}") = "Play.Inventory", "Play.Inventory", "{830AF3AD-97B2-4FC2-A608-D3952556A0C8}"
EndProject
Project("{FAE04EC0-301F-11D3-BF4B-00C04F79EFBC}") = "Play.Catalog.Contracts", "Play.Catalog.Contracts\Play.Catalog.Contracts.csproj", "{53B86F3A-996B-4A3A-B7CB-65A50E2A97F9}"
EndProject
Project("{2150E333-8FDC-42A3-9474-1A3956D46DE8}") = "Play.ApiGateway", "Play.ApiGateway", "{4FA15B6A-995A-4584-9276-0852E4FC2AB4}"
EndProject
Project("{FAE04EC0-301F-11D3-BF4B-00C04F79EFBC}") = "Play.ApiGateway", "Play.ApiGateway\Play.ApiGateway.csproj", "{58C5B27D-B604-4C15-B9E1-0AAB783EB78D}"
EndProject
Project("{2150E333-8FDC-42A3-9474-1A3956D46DE8}") = "Play.Identity", "Play.Identity", "{1928814B-63BC-4395-B405-9636A1C52D0C}"
EndProject
Project("{FAE04EC0-301F-11D3-BF4B-00C04F79EFBC}") = "Play.Identity.Service", "Play.Identity.Service\Play.Identity.Service.csproj", "{728A505A-755C-46C7-9540-69A3F0A29F1C}"
EndProject
Global
	GlobalSection(SolutionConfigurationPlatforms) = preSolution
		Debug|Any CPU = Debug|Any CPU
		Release|Any CPU = Release|Any CPU
	EndGlobalSection
	GlobalSection(ProjectConfigurationPlatforms) = postSolution
		{DFC7539E-C58A-4AAB-99BB-5E1B10B19F34}.Debug|Any CPU.ActiveCfg = Debug|Any CPU
		{DFC7539E-C58A-4AAB-99BB-5E1B10B19F34}.Debug|Any CPU.Build.0 = Debug|Any CPU
		{DFC7539E-C58A-4AAB-99BB-5E1B10B19F34}.Release|Any CPU.ActiveCfg = Release|Any CPU
		{DFC7539E-C58A-4AAB-99BB-5E1B10B19F34}.Release|Any CPU.Build.0 = Release|Any CPU
		{CA110967-D6C2-42D4-84ED-EDEFB8B726ED}.Debug|Any CPU.ActiveCfg = Debug|Any CPU
		{CA110967-D6C2-42D4-84ED-EDEFB8B726ED}.Debug|Any CPU.Build.0 = Debug|Any CPU
		{CA110967-D6C2-42D4-84ED-EDEFB8B726ED}.Release|Any CPU.ActiveCfg = Release|Any CPU
		{CA110967-D6C2-42D4-84ED-EDEFB8B726ED}.Release|Any CPU.Build.0 = Release|Any CPU
		{18CB62A3-5E88-4F9C-93C5-C33EE4A18354}.Debug|Any CPU.ActiveCfg = Debug|Any CPU
		{18CB62A3-5E88-4F9C-93C5-C33EE4A18354}.Debug|Any CPU.Build.0 = Debug|Any CPU
		{18CB62A3-5E88-4F9C-93C5-C33EE4A18354}.Release|Any CPU.ActiveCfg = Release|Any CPU
		{18CB62A3-5E88-4F9C-93C5-C33EE4A18354}.Release|Any CPU.Build.0 = Release|Any CPU
		{53B86F3A-996B-4A3A-B7CB-65A50E2A97F9}.Debug|Any CPU.ActiveCfg = Debug|Any CPU
		{53B86F3A-996B-4A3A-B7CB-65A50E2A97F9}.Debug|Any CPU.Build.0 = Debug|Any CPU
		{53B86F3A-996B-4A3A-B7CB-65A50E2A97F9}.Release|Any CPU.ActiveCfg = Release|Any CPU
		{53B86F3A-996B-4A3A-B7CB-65A50E2A97F9}.Release|Any CPU.Build.0 = Release|Any CPU
		{58C5B27D-B604-4C15-B9E1-0AAB783EB78D}.Debug|Any CPU.ActiveCfg = Debug|Any CPU
		{58C5B27D-B604-4C15-B9E1-0AAB783EB78D}.Debug|Any CPU.Build.0 = Debug|Any CPU
		{58C5B27D-B604-4C15-B9E1-0AAB783EB78D}.Release|Any CPU.ActiveCfg = Release|Any CPU
		{58C5B27D-B604-4C15-B9E1-0AAB783EB78D}.Release|Any CPU.Build.0 = Release|Any CPU
		{728A505A-755C-46C7-9540-69A3F0A29F1C}.Debug|Any CPU.ActiveCfg = Debug|Any CPU
		{728A505A-755C-46C7-9540-69A3F0A29F1C}.Debug|Any CPU.Build.0 = Debug|Any CPU
		{728A505A-755C-46C7-9540-69A3F0A29F1C}.Release|Any CPU.ActiveCfg = Release|Any CPU
		{728A505A-755C-46C7-9540-69A3F0A29F1C}.Release|Any CPU.Build.0 = Release|Any CPU
	EndGlobalSection
	GlobalSection(SolutionProperties) = preSolution
		HideSolutionNode = FALSE
	EndGlobalSection
	GlobalSection(NestedProjects) = preSolution
		{DFC7539E-C58A-4AAB-99BB-5E1B10B19F34} = {8071D8CF-C83B-4090-B754-D2823AA2A88F}
		{18CB62A3-5E88-4F9C-93C5-C33EE4A18354} = {830AF3AD-97B2-4FC2-A608-D3952556A0C8}
		{8071D8CF-C83B-4090-B754-D2823AA2A88F} = {02EA681E-C7D8-13C7-8484-4AC65E1B71E8}
		{830AF3AD-97B2-4FC2-A608-D3952556A0C8} = {02EA681E-C7D8-13C7-8484-4AC65E1B71E8}
		{53B86F3A-996B-4A3A-B7CB-65A50E2A97F9} = {8071D8CF-C83B-4090-B754-D2823AA2A88F}
		{4FA15B6A-995A-4584-9276-0852E4FC2AB4} = {02EA681E-C7D8-13C7-8484-4AC65E1B71E8}
		{58C5B27D-B604-4C15-B9E1-0AAB783EB78D} = {4FA15B6A-995A-4584-9276-0852E4FC2AB4}
		{1928814B-63BC-4395-B405-9636A1C52D0C} = {02EA681E-C7D8-13C7-8484-4AC65E1B71E8}
		{728A505A-755C-46C7-9540-69A3F0A29F1C} = {1928814B-63BC-4395-B405-9636A1C52D0C}
	EndGlobalSection
	GlobalSection(ExtensibilityGlobals) = postSolution
		SolutionGuid = {E0943770-AE0F-42AD-B312-228583B4CCB0}
	EndGlobalSection
EndGlobal
